
Microsoft Visual Studio Solution File, Format Version 12.00
# Visual Studio 2013
VisualStudioVersion = 12.0.21005.1
MinimumVisualStudioVersion = 10.0.40219.1
Project("{FAE04EC0-301F-11D3-BF4B-00C04F79EFBC}") = "XinYu.Cache", "XinYu.Cache\XinYu.Cache.csproj", "{C4FBAD25-BACC-40A9-8D75-D0F7E988A768}"
EndProject
Project("{FAE04EC0-301F-11D3-BF4B-00C04F79EFBC}") = "XinYu.InvokeExample", "XinYu.InvokeExample\XinYu.InvokeExample.csproj", "{3B412659-7681-4C82-A8EA-5A7F64A814D2}"
EndProject
Global
	GlobalSection(SolutionConfigurationPlatforms) = preSolution
		Debug|Any CPU = Debug|Any CPU
		Release|Any CPU = Release|Any CPU
	EndGlobalSection
	GlobalSection(ProjectConfigurationPlatforms) = postSolution
		{C4FBAD25-BACC-40A9-8D75-D0F7E988A768}.Debug|Any CPU.ActiveCfg = Debug|Any CPU
		{C4FBAD25-BACC-40A9-8D75-D0F7E988A768}.Debug|Any CPU.Build.0 = Debug|Any CPU
		{C4FBAD25-BACC-40A9-8D75-D0F7E988A768}.Release|Any CPU.ActiveCfg = Release|Any CPU
		{C4FBAD25-BACC-40A9-8D75-D0F7E988A768}.Release|Any CPU.Build.0 = Release|Any CPU
		{3B412659-7681-4C82-A8EA-5A7F64A814D2}.Debug|Any CPU.ActiveCfg = Debug|Any CPU
		{3B412659-7681-4C82-A8EA-5A7F64A814D2}.Debug|Any CPU.Build.0 = Debug|Any CPU
		{3B412659-7681-4C82-A8EA-5A7F64A814D2}.Release|Any CPU.ActiveCfg = Release|Any CPU
		{3B412659-7681-4C82-A8EA-5A7F64A814D2}.Release|Any CPU.Build.0 = Release|Any CPU
	EndGlobalSection
	GlobalSection(SolutionProperties) = preSolution
		HideSolutionNode = FALSE
	EndGlobalSection
EndGlobal
