
Microsoft Visual Studio Solution File, Format Version 12.00
# Visual Studio 2013
VisualStudioVersion = 12.0.21005.1
MinimumVisualStudioVersion = 10.0.40219.1
Project("{FAE04EC0-301F-11D3-BF4B-00C04F79EFBC}") = "XinYu.WCF.Service", "XinYu.WCF.Service\XinYu.WCF.Service.csproj", "{DEDEE7D7-B827-4C4D-ACEC-D7A8E13A2B9C}"
EndProject
Project("{FAE04EC0-301F-11D3-BF4B-00C04F79EFBC}") = "XinYu.WCF.Proxy", "XinYu.WCF.Proxy\XinYu.WCF.Proxy.csproj", "{DD741695-FA1C-4C85-9FC3-4548ED703EE6}"
EndProject
Global
	GlobalSection(SolutionConfigurationPlatforms) = preSolution
		Debug|Any CPU = Debug|Any CPU
		Release|Any CPU = Release|Any CPU
	EndGlobalSection
	GlobalSection(ProjectConfigurationPlatforms) = postSolution
		{DEDEE7D7-B827-4C4D-ACEC-D7A8E13A2B9C}.Debug|Any CPU.ActiveCfg = Debug|Any CPU
		{DEDEE7D7-B827-4C4D-ACEC-D7A8E13A2B9C}.Debug|Any CPU.Build.0 = Debug|Any CPU
		{DEDEE7D7-B827-4C4D-ACEC-D7A8E13A2B9C}.Release|Any CPU.ActiveCfg = Release|Any CPU
		{DEDEE7D7-B827-4C4D-ACEC-D7A8E13A2B9C}.Release|Any CPU.Build.0 = Release|Any CPU
		{DD741695-FA1C-4C85-9FC3-4548ED703EE6}.Debug|Any CPU.ActiveCfg = Debug|Any CPU
		{DD741695-FA1C-4C85-9FC3-4548ED703EE6}.Debug|Any CPU.Build.0 = Debug|Any CPU
		{DD741695-FA1C-4C85-9FC3-4548ED703EE6}.Release|Any CPU.ActiveCfg = Release|Any CPU
		{DD741695-FA1C-4C85-9FC3-4548ED703EE6}.Release|Any CPU.Build.0 = Release|Any CPU
	EndGlobalSection
	GlobalSection(SolutionProperties) = preSolution
		HideSolutionNode = FALSE
	EndGlobalSection
EndGlobal
